
Microsoft Visual Studio Solution File, Format Version 12.00
# Visual Studio Version 16
VisualStudioVersion = 16.0.31829.152
MinimumVisualStudioVersion = 10.0.40219.1
Project("{FAE04EC0-301F-11D3-BF4B-00C04F79EFBC}") = "Deneme1", "FormAdDegisme\Deneme1.csproj", "{E8968143-27F4-4730-819B-AEEC635FE003}"
EndProject
Global
	GlobalSection(SolutionConfigurationPlatforms) = preSolution
		Debug|Any CPU = Debug|Any CPU
		Release|Any CPU = Release|Any CPU
	EndGlobalSection
	GlobalSection(ProjectConfigurationPlatforms) = postSolution
		{E8968143-27F4-4730-819B-AEEC635FE003}.Debug|Any CPU.ActiveCfg = Debug|Any CPU
		{E8968143-27F4-4730-819B-AEEC635FE003}.Debug|Any CPU.Build.0 = Debug|Any CPU
		{E8968143-27F4-4730-819B-AEEC635FE003}.Release|Any CPU.ActiveCfg = Release|Any CPU
		{E8968143-27F4-4730-819B-AEEC635FE003}.Release|Any CPU.Build.0 = Release|Any CPU
	EndGlobalSection
	GlobalSection(SolutionProperties) = preSolution
		HideSolutionNode = FALSE
	EndGlobalSection
	GlobalSection(ExtensibilityGlobals) = postSolution
		SolutionGuid = {C3EF017B-6904-482C-9A30-1DBADB00023C}
	EndGlobalSection
EndGlobal
